// !$*UTF8*$!
{
	archiveVersion = 1;
	classes = {
	};
	objectVersion = 55;
	objects = {

/* Begin PBXBuildFile section */
		7D9538F327BED3EE00C02D11 /* AppDelegate.swift in Sources */ = {isa = PBXBuildFile; fileRef = 7D9538F227BED3EE00C02D11 /* AppDelegate.swift */; };
		7D9538F527BED3EE00C02D11 /* SceneDelegate.swift in Sources */ = {isa = PBXBuildFile; fileRef = 7D9538F427BED3EE00C02D11 /* SceneDelegate.swift */; };
		7D9538FA27BED3EE00C02D11 /* Main.storyboard in Resources */ = {isa = PBXBuildFile; fileRef = 7D9538F827BED3EE00C02D11 /* Main.storyboard */; };
		7D9538FC27BED3EF00C02D11 /* Assets.xcassets in Resources */ = {isa = PBXBuildFile; fileRef = 7D9538FB27BED3EF00C02D11 /* Assets.xcassets */; };
		7D9538FF27BED3EF00C02D11 /* LaunchScreen.storyboard in Resources */ = {isa = PBXBuildFile; fileRef = 7D9538FD27BED3EF00C02D11 /* LaunchScreen.storyboard */; };
		7D95390727BED42F00C02D11 /* ListTableViewController.swift in Sources */ = {isa = PBXBuildFile; fileRef = 7D95390627BED42F00C02D11 /* ListTableViewController.swift */; };
		7D95390C27BEEE7D00C02D11 /* Constant.swift in Sources */ = {isa = PBXBuildFile; fileRef = 7D95390B27BEEE7D00C02D11 /* Constant.swift */; };
		7D95390E27BEEF4000C02D11 /* NetworkWeatherManager.swift in Sources */ = {isa = PBXBuildFile; fileRef = 7D95390D27BEEF4000C02D11 /* NetworkWeatherManager.swift */; };
		7D95391027BEF0A200C02D11 /* WeatherData.swift in Sources */ = {isa = PBXBuildFile; fileRef = 7D95390F27BEF0A200C02D11 /* WeatherData.swift */; };
		7D95391227BEF4B300C02D11 /* Weather.swift in Sources */ = {isa = PBXBuildFile; fileRef = 7D95391127BEF4B300C02D11 /* Weather.swift */; };
		7D95391427C1558600C02D11 /* GetCitiesWeather.swift in Sources */ = {isa = PBXBuildFile; fileRef = 7D95391327C1558600C02D11 /* GetCitiesWeather.swift */; };
		7D95391627C15BB300C02D11 /* ListCell.swift in Sources */ = {isa = PBXBuildFile; fileRef = 7D95391527C15BB300C02D11 /* ListCell.swift */; };
		7D95391827C15FFF00C02D11 /* DetailVC.swift in Sources */ = {isa = PBXBuildFile; fileRef = 7D95391727C15FFF00C02D11 /* DetailVC.swift */; };
		7D95391C27C2221100C02D11 /* AddCity.swift in Sources */ = {isa = PBXBuildFile; fileRef = 7D95391B27C2221100C02D11 /* AddCity.swift */; };
		F1844C26A33B2F32E902C67E /* Pods_MetcastTest.framework in Frameworks */ = {isa = PBXBuildFile; fileRef = C9E662ABA7A44196DD1C2F5B /* Pods_MetcastTest.framework */; };
/* End PBXBuildFile section */

/* Begin PBXFileReference section */
		41332CB4818304FDB61C6D2F /* Pods-MetcastTest.release.xcconfig */ = {isa = PBXFileReference; includeInIndex = 1; lastKnownFileType = text.xcconfig; name = "Pods-MetcastTest.release.xcconfig"; path = "Target Support Files/Pods-MetcastTest/Pods-MetcastTest.release.xcconfig"; sourceTree = "<group>"; };
		7D9538EF27BED3EE00C02D11 /* MetcastTest.app */ = {isa = PBXFileReference; explicitFileType = wrapper.application; includeInIndex = 0; path = MetcastTest.app; sourceTree = BUILT_PRODUCTS_DIR; };
		7D9538F227BED3EE00C02D11 /* AppDelegate.swift */ = {isa = PBXFileReference; lastKnownFileType = sourcecode.swift; path = AppDelegate.swift; sourceTree = "<group>"; };
		7D9538F427BED3EE00C02D11 /* SceneDelegate.swift */ = {isa = PBXFileReference; lastKnownFileType = sourcecode.swift; path = SceneDelegate.swift; sourceTree = "<group>"; };
		7D9538F927BED3EE00C02D11 /* Base */ = {isa = PBXFileReference; lastKnownFileType = file.storyboard; name = Base; path = Base.lproj/Main.storyboard; sourceTree = "<group>"; };
		7D9538FB27BED3EF00C02D11 /* Assets.xcassets */ = {isa = PBXFileReference; lastKnownFileType = folder.assetcatalog; path = Assets.xcassets; sourceTree = "<group>"; };
		7D9538FE27BED3EF00C02D11 /* Base */ = {isa = PBXFileReference; lastKnownFileType = file.storyboard; name = Base; path = Base.lproj/LaunchScreen.storyboard; sourceTree = "<group>"; };
		7D95390027BED3EF00C02D11 /* Info.plist */ = {isa = PBXFileReference; lastKnownFileType = text.plist.xml; path = Info.plist; sourceTree = "<group>"; };
		7D95390627BED42F00C02D11 /* ListTableViewController.swift */ = {isa = PBXFileReference; lastKnownFileType = sourcecode.swift; path = ListTableViewController.swift; sourceTree = "<group>"; };
		7D95390B27BEEE7D00C02D11 /* Constant.swift */ = {isa = PBXFileReference; lastKnownFileType = sourcecode.swift; path = Constant.swift; sourceTree = "<group>"; };
		7D95390D27BEEF4000C02D11 /* NetworkWeatherManager.swift */ = {isa = PBXFileReference; lastKnownFileType = sourcecode.swift; path = NetworkWeatherManager.swift; sourceTree = "<group>"; };
		7D95390F27BEF0A200C02D11 /* WeatherData.swift */ = {isa = PBXFileReference; lastKnownFileType = sourcecode.swift; path = WeatherData.swift; sourceTree = "<group>"; };
		7D95391127BEF4B300C02D11 /* Weather.swift */ = {isa = PBXFileReference; lastKnownFileType = sourcecode.swift; path = Weather.swift; sourceTree = "<group>"; };
		7D95391327C1558600C02D11 /* GetCitiesWeather.swift */ = {isa = PBXFileReference; lastKnownFileType = sourcecode.swift; path = GetCitiesWeather.swift; sourceTree = "<group>"; };
		7D95391527C15BB300C02D11 /* ListCell.swift */ = {isa = PBXFileReference; lastKnownFileType = sourcecode.swift; path = ListCell.swift; sourceTree = "<group>"; };
		7D95391727C15FFF00C02D11 /* DetailVC.swift */ = {isa = PBXFileReference; lastKnownFileType = sourcecode.swift; path = DetailVC.swift; sourceTree = "<group>"; };
		7D95391B27C2221100C02D11 /* AddCity.swift */ = {isa = PBXFileReference; lastKnownFileType = sourcecode.swift; path = AddCity.swift; sourceTree = "<group>"; };
		A1F2CF4B9290DC9432F37116 /* Pods-MetcastTest.debug.xcconfig */ = {isa = PBXFileReference; includeInIndex = 1; lastKnownFileType = text.xcconfig; name = "Pods-MetcastTest.debug.xcconfig"; path = "Target Support Files/Pods-MetcastTest/Pods-MetcastTest.debug.xcconfig"; sourceTree = "<group>"; };
		C9E662ABA7A44196DD1C2F5B /* Pods_MetcastTest.framework */ = {isa = PBXFileReference; explicitFileType = wrapper.framework; includeInIndex = 0; path = Pods_MetcastTest.framework; sourceTree = BUILT_PRODUCTS_DIR; };
/* End PBXFileReference section */

/* Begin PBXFrameworksBuildPhase section */
		7D9538EC27BED3EE00C02D11 /* Frameworks */ = {
			isa = PBXFrameworksBuildPhase;
			buildActionMask = 2147483647;
			files = (
				F1844C26A33B2F32E902C67E /* Pods_MetcastTest.framework in Frameworks */,
			);
			runOnlyForDeploymentPostprocessing = 0;
		};
/* End PBXFrameworksBuildPhase section */

/* Begin PBXGroup section */
		098E66932BB2432FF37542C4 /* Frameworks */ = {
			isa = PBXGroup;
			children = (
				C9E662ABA7A44196DD1C2F5B /* Pods_MetcastTest.framework */,
			);
			name = Frameworks;
			sourceTree = "<group>";
		};
		7D9538E627BED3EE00C02D11 = {
			isa = PBXGroup;
			children = (
				7D9538F127BED3EE00C02D11 /* MetcastTest */,
				7D9538F027BED3EE00C02D11 /* Products */,
				867132D53C8F23BF256D75F0 /* Pods */,
				098E66932BB2432FF37542C4 /* Frameworks */,
			);
			sourceTree = "<group>";
		};
		7D9538F027BED3EE00C02D11 /* Products */ = {
			isa = PBXGroup;
			children = (
				7D9538EF27BED3EE00C02D11 /* MetcastTest.app */,
			);
			name = Products;
			sourceTree = "<group>";
		};
		7D9538F127BED3EE00C02D11 /* MetcastTest */ = {
			isa = PBXGroup;
			children = (
				7D95390927BEEDCE00C02D11 /* Model */,
				7D95390A27BEEDD900C02D11 /* View */,
				7D95390827BEEDB100C02D11 /* Supporting files */,
			);
			path = MetcastTest;
			sourceTree = "<group>";
		};
		7D95390827BEEDB100C02D11 /* Supporting files */ = {
			isa = PBXGroup;
			children = (
				7D9538F227BED3EE00C02D11 /* AppDelegate.swift */,
				7D9538F427BED3EE00C02D11 /* SceneDelegate.swift */,
				7D95390B27BEEE7D00C02D11 /* Constant.swift */,
				7D9538FB27BED3EF00C02D11 /* Assets.xcassets */,
				7D95390027BED3EF00C02D11 /* Info.plist */,
			);
			path = "Supporting files";
			sourceTree = "<group>";
		};
		7D95390927BEEDCE00C02D11 /* Model */ = {
			isa = PBXGroup;
			children = (
				7D95391127BEF4B300C02D11 /* Weather.swift */,
				7D95390F27BEF0A200C02D11 /* WeatherData.swift */,
				7D95390D27BEEF4000C02D11 /* NetworkWeatherManager.swift */,
				7D95391327C1558600C02D11 /* GetCitiesWeather.swift */,
				7D95391527C15BB300C02D11 /* ListCell.swift */,
				7D95391B27C2221100C02D11 /* AddCity.swift */,
			);
			path = Model;
			sourceTree = "<group>";
		};
		7D95390A27BEEDD900C02D11 /* View */ = {
			isa = PBXGroup;
			children = (
				7D95390627BED42F00C02D11 /* ListTableViewController.swift */,
				7D95391727C15FFF00C02D11 /* DetailVC.swift */,
				7D9538F827BED3EE00C02D11 /* Main.storyboard */,
				7D9538FD27BED3EF00C02D11 /* LaunchScreen.storyboard */,
			);
			path = View;
			sourceTree = "<group>";
		};
		867132D53C8F23BF256D75F0 /* Pods */ = {
			isa = PBXGroup;
			children = (
				A1F2CF4B9290DC9432F37116 /* Pods-MetcastTest.debug.xcconfig */,
				41332CB4818304FDB61C6D2F /* Pods-MetcastTest.release.xcconfig */,
			);
			path = Pods;
			sourceTree = "<group>";
		};
/* End PBXGroup section */

/* Begin PBXNativeTarget section */
		7D9538EE27BED3EE00C02D11 /* MetcastTest */ = {
			isa = PBXNativeTarget;
			buildConfigurationList = 7D95390327BED3EF00C02D11 /* Build configuration list for PBXNativeTarget "MetcastTest" */;
			buildPhases = (
				07D24385180D760BFAA7BCB9 /* [CP] Check Pods Manifest.lock */,
				7D9538EB27BED3EE00C02D11 /* Sources */,
				7D9538EC27BED3EE00C02D11 /* Frameworks */,
				7D9538ED27BED3EE00C02D11 /* Resources */,
				A6B6F1A506878ED94ECB2A62 /* [CP] Embed Pods Frameworks */,
			);
			buildRules = (
			);
			dependencies = (
			);
			name = MetcastTest;
			productName = MetcastTest;
			productReference = 7D9538EF27BED3EE00C02D11 /* MetcastTest.app */;
			productType = "com.apple.product-type.application";
		};
/* End PBXNativeTarget section */

/* Begin PBXProject section */
		7D9538E727BED3EE00C02D11 /* Project object */ = {
			isa = PBXProject;
			attributes = {
				BuildIndependentTargetsInParallel = 1;
				LastSwiftUpdateCheck = 1320;
				LastUpgradeCheck = 1320;
				TargetAttributes = {
					7D9538EE27BED3EE00C02D11 = {
						CreatedOnToolsVersion = 13.2.1;
					};
				};
			};
			buildConfigurationList = 7D9538EA27BED3EE00C02D11 /* Build configuration list for PBXProject "MetcastTest" */;
			compatibilityVersion = "Xcode 13.0";
			developmentRegion = en;
			hasScannedForEncodings = 0;
			knownRegions = (
				en,
				Base,
			);
			mainGroup = 7D9538E627BED3EE00C02D11;
			productRefGroup = 7D9538F027BED3EE00C02D11 /* Products */;
			projectDirPath = "";
			projectRoot = "";
			targets = (
				7D9538EE27BED3EE00C02D11 /* MetcastTest */,
			);
		};
/* End PBXProject section */

/* Begin PBXResourcesBuildPhase section */
		7D9538ED27BED3EE00C02D11 /* Resources */ = {
			isa = PBXResourcesBuildPhase;
			buildActionMask = 2147483647;
			files = (
				7D9538FF27BED3EF00C02D11 /* LaunchScreen.storyboard in Resources */,
				7D9538FC27BED3EF00C02D11 /* Assets.xcassets in Resources */,
				7D9538FA27BED3EE00C02D11 /* Main.storyboard in Resources */,
			);
			runOnlyForDeploymentPostprocessing = 0;
		};
/* End PBXResourcesBuildPhase section */

/* Begin PBXShellScriptBuildPhase section */
		07D24385180D760BFAA7BCB9 /* [CP] Check Pods Manifest.lock */ = {
			isa = PBXShellScriptBuildPhase;
			buildActionMask = 2147483647;
			files = (
			);
			inputFileListPaths = (
			);
			inputPaths = (
				"${PODS_PODFILE_DIR_PATH}/Podfile.lock",
				"${PODS_ROOT}/Manifest.lock",
			);
			name = "[CP] Check Pods Manifest.lock";
			outputFileListPaths = (
			);
			outputPaths = (
				"$(DERIVED_FILE_DIR)/Pods-MetcastTest-checkManifestLockResult.txt",
			);
			runOnlyForDeploymentPostprocessing = 0;
			shellPath = /bin/sh;
			shellScript = "diff \"${PODS_PODFILE_DIR_PATH}/Podfile.lock\" \"${PODS_ROOT}/Manifest.lock\" > /dev/null\nif [ $? != 0 ] ; then\n    # print error to STDERR\n    echo \"error: The sandbox is not in sync with the Podfile.lock. Run 'pod install' or update your CocoaPods installation.\" >&2\n    exit 1\nfi\n# This output is used by Xcode 'outputs' to avoid re-running this script phase.\necho \"SUCCESS\" > \"${SCRIPT_OUTPUT_FILE_0}\"\n";
			showEnvVarsInLog = 0;
		};
		A6B6F1A506878ED94ECB2A62 /* [CP] Embed Pods Frameworks */ = {
			isa = PBXShellScriptBuildPhase;
			buildActionMask = 2147483647;
			files = (
			);
			inputFileListPaths = (
				"${PODS_ROOT}/Target Support Files/Pods-MetcastTest/Pods-MetcastTest-frameworks-${CONFIGURATION}-input-files.xcfilelist",
			);
			name = "[CP] Embed Pods Frameworks";
			outputFileListPaths = (
				"${PODS_ROOT}/Target Support Files/Pods-MetcastTest/Pods-MetcastTest-frameworks-${CONFIGURATION}-output-files.xcfilelist",
			);
			runOnlyForDeploymentPostprocessing = 0;
			shellPath = /bin/sh;
			shellScript = "\"${PODS_ROOT}/Target Support Files/Pods-MetcastTest/Pods-MetcastTest-frameworks.sh\"\n";
			showEnvVarsInLog = 0;
		};
/* End PBXShellScriptBuildPhase section */

/* Begin PBXSourcesBuildPhase section */
		7D9538EB27BED3EE00C02D11 /* Sources */ = {
			isa = PBXSourcesBuildPhase;
			buildActionMask = 2147483647;
			files = (
				7D9538F327BED3EE00C02D11 /* AppDelegate.swift in Sources */,
				7D95390C27BEEE7D00C02D11 /* Constant.swift in Sources */,
				7D95391427C1558600C02D11 /* GetCitiesWeather.swift in Sources */,
				7D95390E27BEEF4000C02D11 /* NetworkWeatherManager.swift in Sources */,
				7D9538F527BED3EE00C02D11 /* SceneDelegate.swift in Sources */,
				7D95391827C15FFF00C02D11 /* DetailVC.swift in Sources */,
				7D95391027BEF0A200C02D11 /* WeatherData.swift in Sources */,
				7D95391627C15BB300C02D11 /* ListCell.swift in Sources */,
				7D95390727BED42F00C02D11 /* ListTableViewController.swift in Sources */,
				7D95391227BEF4B300C02D11 /* Weather.swift in Sources */,
				7D95391C27C2221100C02D11 /* AddCity.swift in Sources */,
			);
			runOnlyForDeploymentPostprocessing = 0;
		};
/* End PBXSourcesBuildPhase section */

/* Begin PBXVariantGroup section */
		7D9538F827BED3EE00C02D11 /* Main.storyboard */ = {
			isa = PBXVariantGroup;
			children = (
				7D9538F927BED3EE00C02D11 /* Base */,
			);
			name = Main.storyboard;
			sourceTree = "<group>";
		};
		7D9538FD27BED3EF00C02D11 /* LaunchScreen.storyboard */ = {
			isa = PBXVariantGroup;
			children = (
				7D9538FE27BED3EF00C02D11 /* Base */,
			);
			name = LaunchScreen.storyboard;
			sourceTree = "<group>";
		};
/* End PBXVariantGroup section */

/* Begin XCBuildConfiguration section */
		7D95390127BED3EF00C02D11 /* Debug */ = {
			isa = XCBuildConfiguration;
			buildSettings = {
				ALWAYS_SEARCH_USER_PATHS = NO;
				CLANG_ANALYZER_NONNULL = YES;
				CLANG_ANALYZER_NUMBER_OBJECT_CONVERSION = YES_AGGRESSIVE;
				CLANG_CXX_LANGUAGE_STANDARD = "gnu++17";
				CLANG_CXX_LIBRARY = "libc++";
				CLANG_ENABLE_MODULES = YES;
				CLANG_ENABLE_OBJC_ARC = YES;
				CLANG_ENABLE_OBJC_WEAK = YES;
				CLANG_WARN_BLOCK_CAPTURE_AUTORELEASING = YES;
				CLANG_WARN_BOOL_CONVERSION = YES;
				CLANG_WARN_COMMA = YES;
				CLANG_WARN_CONSTANT_CONVERSION = YES;
				CLANG_WARN_DEPRECATED_OBJC_IMPLEMENTATIONS = YES;
				CLANG_WARN_DIRECT_OBJC_ISA_USAGE = YES_ERROR;
				CLANG_WARN_DOCUMENTATION_COMMENTS = YES;
				CLANG_WARN_EMPTY_BODY = YES;
				CLANG_WARN_ENUM_CONVERSION = YES;
				CLANG_WARN_INFINITE_RECURSION = YES;
				CLANG_WARN_INT_CONVERSION = YES;
				CLANG_WARN_NON_LITERAL_NULL_CONVERSION = YES;
				CLANG_WARN_OBJC_IMPLICIT_RETAIN_SELF = YES;
				CLANG_WARN_OBJC_LITERAL_CONVERSION = YES;
				CLANG_WARN_OBJC_ROOT_CLASS = YES_ERROR;
				CLANG_WARN_QUOTED_INCLUDE_IN_FRAMEWORK_HEADER = YES;
				CLANG_WARN_RANGE_LOOP_ANALYSIS = YES;
				CLANG_WARN_STRICT_PROTOTYPES = YES;
				CLANG_WARN_SUSPICIOUS_MOVE = YES;
				CLANG_WARN_UNGUARDED_AVAILABILITY = YES_AGGRESSIVE;
				CLANG_WARN_UNREACHABLE_CODE = YES;
				CLANG_WARN__DUPLICATE_METHOD_MATCH = YES;
				COPY_PHASE_STRIP = NO;
				DEBUG_INFORMATION_FORMAT = dwarf;
				ENABLE_STRICT_OBJC_MSGSEND = YES;
				ENABLE_TESTABILITY = YES;
				GCC_C_LANGUAGE_STANDARD = gnu11;
				GCC_DYNAMIC_NO_PIC = NO;
				GCC_NO_COMMON_BLOCKS = YES;
				GCC_OPTIMIZATION_LEVEL = 0;
				GCC_PREPROCESSOR_DEFINITIONS = (
					"DEBUG=1",
					"$(inherited)",
				);
				GCC_WARN_64_TO_32_BIT_CONVERSION = YES;
				GCC_WARN_ABOUT_RETURN_TYPE = YES_ERROR;
				GCC_WARN_UNDECLARED_SELECTOR = YES;
				GCC_WARN_UNINITIALIZED_AUTOS = YES_AGGRESSIVE;
				GCC_WARN_UNUSED_FUNCTION = YES;
				GCC_WARN_UNUSED_VARIABLE = YES;
				IPHONEOS_DEPLOYMENT_TARGET = 15.2;
				MTL_ENABLE_DEBUG_INFO = INCLUDE_SOURCE;
				MTL_FAST_MATH = YES;
				ONLY_ACTIVE_ARCH = YES;
				SDKROOT = iphoneos;
				SWIFT_ACTIVE_COMPILATION_CONDITIONS = DEBUG;
				SWIFT_OPTIMIZATION_LEVEL = "-Onone";
			};
			name = Debug;
		};
		7D95390227BED3EF00C02D11 /* Release */ = {
			isa = XCBuildConfiguration;
			buildSettings = {
				ALWAYS_SEARCH_USER_PATHS = NO;
				CLANG_ANALYZER_NONNULL = YES;
				CLANG_ANALYZER_NUMBER_OBJECT_CONVERSION = YES_AGGRESSIVE;
				CLANG_CXX_LANGUAGE_STANDARD = "gnu++17";
				CLANG_CXX_LIBRARY = "libc++";
				CLANG_ENABLE_MODULES = YES;
				CLANG_ENABLE_OBJC_ARC = YES;
				CLANG_ENABLE_OBJC_WEAK = YES;
				CLANG_WARN_BLOCK_CAPTURE_AUTORELEASING = YES;
				CLANG_WARN_BOOL_CONVERSION = YES;
				CLANG_WARN_COMMA = YES;
				CLANG_WARN_CONSTANT_CONVERSION = YES;
				CLANG_WARN_DEPRECATED_OBJC_IMPLEMENTATIONS = YES;
				CLANG_WARN_DIRECT_OBJC_ISA_USAGE = YES_ERROR;
				CLANG_WARN_DOCUMENTATION_COMMENTS = YES;
				CLANG_WARN_EMPTY_BODY = YES;
				CLANG_WARN_ENUM_CONVERSION = YES;
				CLANG_WARN_INFINITE_RECURSION = YES;
				CLANG_WARN_INT_CONVERSION = YES;
				CLANG_WARN_NON_LITERAL_NULL_CONVERSION = YES;
				CLANG_WARN_OBJC_IMPLICIT_RETAIN_SELF = YES;
				CLANG_WARN_OBJC_LITERAL_CONVERSION = YES;
				CLANG_WARN_OBJC_ROOT_CLASS = YES_ERROR;
				CLANG_WARN_QUOTED_INCLUDE_IN_FRAMEWORK_HEADER = YES;
				CLANG_WARN_RANGE_LOOP_ANALYSIS = YES;
				CLANG_WARN_STRICT_PROTOTYPES = YES;
				CLANG_WARN_SUSPICIOUS_MOVE = YES;
				CLANG_WARN_UNGUARDED_AVAILABILITY = YES_AGGRESSIVE;
				CLANG_WARN_UNREACHABLE_CODE = YES;
				CLANG_WARN__DUPLICATE_METHOD_MATCH = YES;
				COPY_PHASE_STRIP = NO;
				DEBUG_INFORMATION_FORMAT = "dwarf-with-dsym";
				ENABLE_NS_ASSERTIONS = NO;
				ENABLE_STRICT_OBJC_MSGSEND = YES;
				GCC_C_LANGUAGE_STANDARD = gnu11;
				GCC_NO_COMMON_BLOCKS = YES;
				GCC_WARN_64_TO_32_BIT_CONVERSION = YES;
				GCC_WARN_ABOUT_RETURN_TYPE = YES_ERROR;
				GCC_WARN_UNDECLARED_SELECTOR = YES;
				GCC_WARN_UNINITIALIZED_AUTOS = YES_AGGRESSIVE;
				GCC_WARN_UNUSED_FUNCTION = YES;
				GCC_WARN_UNUSED_VARIABLE = YES;
				IPHONEOS_DEPLOYMENT_TARGET = 15.2;
				MTL_ENABLE_DEBUG_INFO = NO;
				MTL_FAST_MATH = YES;
				SDKROOT = iphoneos;
				SWIFT_COMPILATION_MODE = wholemodule;
				SWIFT_OPTIMIZATION_LEVEL = "-O";
				VALIDATE_PRODUCT = YES;
			};
			name = Release;
		};
		7D95390427BED3EF00C02D11 /* Debug */ = {
			isa = XCBuildConfiguration;
			baseConfigurationReference = A1F2CF4B9290DC9432F37116 /* Pods-MetcastTest.debug.xcconfig */;
			buildSettings = {
				ASSETCATALOG_COMPILER_APPICON_NAME = AppIcon;
				ASSETCATALOG_COMPILER_GLOBAL_ACCENT_COLOR_NAME = AccentColor;
				CODE_SIGN_STYLE = Automatic;
				CURRENT_PROJECT_VERSION = 1;
				DEVELOPMENT_TEAM = WJM24K3YHR;
				GENERATE_INFOPLIST_FILE = YES;
				INFOPLIST_FILE = "MetcastTest/Supporting files/Info.plist";
				INFOPLIST_KEY_UIApplicationSupportsIndirectInputEvents = YES;
				INFOPLIST_KEY_UILaunchStoryboardName = LaunchScreen;
				INFOPLIST_KEY_UIMainStoryboardFile = Main;
				INFOPLIST_KEY_UISupportedInterfaceOrientations_iPad = "UIInterfaceOrientationPortrait UIInterfaceOrientationPortraitUpsideDown UIInterfaceOrientationLandscapeLeft UIInterfaceOrientationLandscapeRight";
				INFOPLIST_KEY_UISupportedInterfaceOrientations_iPhone = "UIInterfaceOrientationPortrait UIInterfaceOrientationLandscapeLeft UIInterfaceOrientationLandscapeRight";
				LD_RUNPATH_SEARCH_PATHS = (
					"$(inherited)",
					"@executable_path/Frameworks",
				);
				MARKETING_VERSION = 1.0;
				PRODUCT_BUNDLE_IDENTIFIER = com.rubisVladimir.MetcastTest;
				PRODUCT_NAME = "$(TARGET_NAME)";
				SWIFT_EMIT_LOC_STRINGS = YES;
				SWIFT_VERSION = 5.0;
				TARGETED_DEVICE_FAMILY = "1,2";
			};
			name = Debug;
		};
		7D95390527BED3EF00C02D11 /* Release */ = {
			isa = XCBuildConfiguration;
			baseConfigurationReference = 41332CB4818304FDB61C6D2F /* Pods-MetcastTest.release.xcconfig */;
			buildSettings = {
				ASSETCATALOG_COMPILER_APPICON_NAME = AppIcon;
				ASSETCATALOG_COMPILER_GLOBAL_ACCENT_COLOR_NAME = AccentColor;
				CODE_SIGN_STYLE = Automatic;
				CURRENT_PROJECT_VERSION = 1;
				DEVELOPMENT_TEAM = WJM24K3YHR;
				GENERATE_INFOPLIST_FILE = YES;
				INFOPLIST_FILE = "MetcastTest/Supporting files/Info.plist";
				INFOPLIST_KEY_UIApplicationSupportsIndirectInputEvents = YES;
				INFOPLIST_KEY_UILaunchStoryboardName = LaunchScreen;
				INFOPLIST_KEY_UIMainStoryboardFile = Main;
				INFOPLIST_KEY_UISupportedInterfaceOrientations_iPad = "UIInterfaceOrientationPortrait UIInterfaceOrientationPortraitUpsideDown UIInterfaceOrientationLandscapeLeft UIInterfaceOrientationLandscapeRight";
				INFOPLIST_KEY_UISupportedInterfaceOrientations_iPhone = "UIInterfaceOrientationPortrait UIInterfaceOrientationLandscapeLeft UIInterfaceOrientationLandscapeRight";
				LD_RUNPATH_SEARCH_PATHS = (
					"$(inherited)",
					"@executable_path/Frameworks",
				);
				MARKETING_VERSION = 1.0;
				PRODUCT_BUNDLE_IDENTIFIER = com.rubisVladimir.MetcastTest;
				PRODUCT_NAME = "$(TARGET_NAME)";
				SWIFT_EMIT_LOC_STRINGS = YES;
				SWIFT_VERSION = 5.0;
				TARGETED_DEVICE_FAMILY = "1,2";
			};
			name = Release;
		};
/* End XCBuildConfiguration section */

/* Begin XCConfigurationList section */
		7D9538EA27BED3EE00C02D11 /* Build configuration list for PBXProject "MetcastTest" */ = {
			isa = XCConfigurationList;
			buildConfigurations = (
				7D95390127BED3EF00C02D11 /* Debug */,
				7D95390227BED3EF00C02D11 /* Release */,
			);
			defaultConfigurationIsVisible = 0;
			defaultConfigurationName = Release;
		};
		7D95390327BED3EF00C02D11 /* Build configuration list for PBXNativeTarget "MetcastTest" */ = {
			isa = XCConfigurationList;
			buildConfigurations = (
				7D95390427BED3EF00C02D11 /* Debug */,
				7D95390527BED3EF00C02D11 /* Release */,
			);
			defaultConfigurationIsVisible = 0;
			defaultConfigurationName = Release;
		};
/* End XCConfigurationList section */
	};
	rootObject = 7D9538E727BED3EE00C02D11 /* Project object */;
}
